{
  "version": "5",
  "specifiers": {
    "jsr:@deno/cache-dir@0.13.2": "0.13.2",
    "jsr:@deno/emit@0.46.0": "0.46.0",
    "jsr:@deno/graph@~0.73.1": "0.73.1",
    "jsr:@std/assert@0.223": "0.223.0",
    "jsr:@std/assert@^1.0.19": "1.0.19",
    "jsr:@std/bytes@0.223": "0.223.0",
    "jsr:@std/collections@^1.1.3": "1.3.0",
    "jsr:@std/fmt@0.223": "0.223.0",
    "jsr:@std/fs@0.223": "0.223.0",
    "jsr:@std/fs@^1.0.24": "1.0.24",
    "jsr:@std/internal@^1.0.12": "1.0.14",
    "jsr:@std/internal@^1.0.14": "1.0.14",
    "jsr:@std/io@0.223": "0.223.0",
    "jsr:@std/path@0.223": "0.223.0",
    "jsr:@std/path@1.1.6": "1.1.6",
    "jsr:@std/path@^1.1.5": "1.1.6",
    "jsr:@std/path@^1.1.6": "1.1.6",
    "jsr:@std/toml@1.0.11": "1.0.11",
    "jsr:@std/yaml@1.1.2": "1.1.2",
    "jsr:@steno/steno@~0.11.2": "0.11.2",
    "npm:marked@18.0.7": "18.0.7",
    "npm:sharp@~0.35.3": "0.35.3"
  },
  "jsr": {
    "@deno/cache-dir@0.13.2": {
      "integrity": "c22419dfe27ab85f345bee487aaaadba498b005cce3644e9d2528db035c5454d",
      "dependencies": [
        "jsr:@deno/graph",
        "jsr:@std/fmt",
        "jsr:@std/fs@0.223",
        "jsr:@std/io",
        "jsr:@std/path@0.223"
      ]
    },
    "@deno/emit@0.46.0": {
      "integrity": "e276be2c77bac1b93caf775762e2a49a54cb00da2d48ca2b01ed8d7cba9d082c",
      "dependencies": [
        "jsr:@deno/cache-dir",
        "jsr:@std/path@0.223"
      ]
    },
    "@deno/graph@0.73.1": {
      "integrity": "cd69639d2709d479037d5ce191a422eabe8d71bb68b0098344f6b07411c84d41"
    },
    "@std/assert@0.223.0": {
      "integrity": "eb8d6d879d76e1cc431205bd346ed4d88dc051c6366365b1af47034b0670be24"
    },
    "@std/assert@1.0.19": {
      "integrity": "eaada96ee120cb980bc47e040f82814d786fe8162ecc53c91d8df60b8755991e",
      "dependencies": [
        "jsr:@std/internal@^1.0.12"
      ]
    },
    "@std/bytes@0.223.0": {
      "integrity": "84b75052cd8680942c397c2631318772b295019098f40aac5c36cead4cba51a8"
    },
    "@std/collections@1.3.0": {
      "integrity": "eb36b43d784477ea0b476483ac034a14bdd182aff921c812ecf662a1fcef9498"
    },
    "@std/fmt@0.223.0": {
      "integrity": "6deb37794127dfc7d7bded2586b9fc6f5d50e62a8134846608baf71ffc1a5208"
    },
    "@std/fs@0.223.0": {
      "integrity": "3b4b0550b2c524cbaaa5a9170c90e96cbb7354e837ad1bdaf15fc9df1ae9c31c"
    },
    "@std/fs@1.0.24": {
      "integrity": "f3061b45b81673a2bece689da041df32d174be064c89eb6397fb5718d3fb7877",
      "dependencies": [
        "jsr:@std/internal@^1.0.14",
        "jsr:@std/path@^1.1.5"
      ]
    },
    "@std/internal@1.0.14": {
      "integrity": "291516b3d4c35024d6ffbc0a9df5bf4c64116e05b50012cf846710152d2ffdf7"
    },
    "@std/io@0.223.0": {
      "integrity": "2d8c3c2ab3a515619b90da2c6ff5ea7b75a94383259ef4d02116b228393f84f1",
      "dependencies": [
        "jsr:@std/assert@0.223",
        "jsr:@std/bytes"
      ]
    },
    "@std/path@0.223.0": {
      "integrity": "593963402d7e6597f5a6e620931661053572c982fc014000459edc1f93cc3989",
      "dependencies": [
        "jsr:@std/assert@0.223"
      ]
    },
    "@std/path@1.1.6": {
      "integrity": "c68485c2a4dfbb5ae3cc74fae4e8c4e5d874cf8a8ed12927917235c758b46cbe",
      "dependencies": [
        "jsr:@std/internal@^1.0.14"
      ]
    },
    "@std/toml@1.0.11": {
      "integrity": "e084988b872ca4bad6aedfb7350f6eeed0e8ba88e9ee5e1590621c5b5bb8f715",
      "dependencies": [
        "jsr:@std/collections"
      ]
    },
    "@std/yaml@1.1.2": {
      "integrity": "de612653c036749ba2044165e316f52412b0f0698afffb7ee80b5331d6d2abae"
    },
    "@steno/steno@0.11.2": {
      "integrity": "dab073ca94d3dcce6bbf5a36dbff2fbf82233f4c94d503805a348cc02f93dff3",
      "dependencies": [
        "jsr:@deno/emit",
        "jsr:@std/path@1.1.6",
        "jsr:@std/toml",
        "jsr:@std/yaml",
        "npm:marked"
      ]
    }
  },
  "npm": {
    "@emnapi/runtime@1.11.3": {
      "integrity": "sha512-Xz4Tpyki7XyrpbUK1jR1AhdAdaXyhhY4lZ3neLodmhpuWfy2PAQN5B46sAiU4liOXGLkHypn/qU+jvfWSCYYLA==",
      "dependencies": [
        "tslib"
      ]
    },
    "@img/colour@1.1.0": {
      "integrity": "sha512-Td76q7j57o/tLVdgS746cYARfSyxk8iEfRxewL9h4OMzYhbW4TAcppl0mT4eyqXddh6L/jwoM75mo7ixa/pCeQ=="
    },
    "@img/sharp-darwin-arm64@0.35.3": {
      "integrity": "sha512-RMnFX7YQsMoh7lWfcM4NEHHymBX/rLuKNPVM84XE9ONPcaSCDgE7CHIHpSgPcO2xcRthgBy1HfNO319mwhIAkg==",
      "optionalDependencies": [
        "@img/sharp-libvips-darwin-arm64"
      ],
      "os": ["darwin"],
      "cpu": ["arm64"]
    },
    "@img/sharp-darwin-x64@0.35.3": {
      "integrity": "sha512-Xo+5uFBtLN0BKqieTxiFzFPQAUlBbbH5iBKyRX/z1JrbnYsHTfKJnUfL8+p2TPXr1pXqao4eeL4Rl144uDpK9w==",
      "optionalDependencies": [
        "@img/sharp-libvips-darwin-x64"
      ],
      "os": ["darwin"],
      "cpu": ["x64"]
    },
    "@img/sharp-freebsd-wasm32@0.35.3": {
      "integrity": "sha512-lUxcqWIj2wMQ9BrwNjngcr1gWUr5xgaGThBRqPPalIC2n67Cqj1uPh8NnA/ZhAg8hUbKl+kVHKwgUIwe6ZYPrg==",
      "dependencies": [
        "@img/sharp-wasm32"
      ],
      "os": ["freebsd"]
    },
    "@img/sharp-libvips-darwin-arm64@1.3.2": {
      "integrity": "sha512-9J6ypZFpQBj4YnePGoq/S38w6nz+vqg5WZLrLGY4YuSemdMq47GMLBPO42MzwdGwpg/agZ7xzZcFHa48xlywfg==",
      "os": ["darwin"],
      "cpu": ["arm64"]
    },
    "@img/sharp-libvips-darwin-x64@1.3.2": {
      "integrity": "sha512-m2pW1n6cns9VaubNwsZ+c3CRYjxNQWgJ5gPlnL1nbBcpkBvFm6SCFN5o0psFHI8w9n11NKhFkeEDns98tiqbEw==",
      "os": ["darwin"],
      "cpu": ["x64"]
    },
    "@img/sharp-libvips-linux-arm64@1.3.2": {
      "integrity": "sha512-dqVSFynCox4C/J8kT16V7SIFAns0IjgLwkvYT7p8LQVmJ5OS5b6tI9IGflxTeuBS//zXeFIUbwt5dwxyZ17cnA==",
      "os": ["linux"],
      "cpu": ["arm64"]
    },
    "@img/sharp-libvips-linux-arm@1.3.2": {
      "integrity": "sha512-1eMLzy92I4J6rmi4mAT8yC3HxOtniyGELlzGbNMLLeqe052ahFQ0h6LFq+lh5DsDIdYViIDst08abvSbcEdLXQ==",
      "os": ["linux"],
      "cpu": ["arm"]
    },
    "@img/sharp-libvips-linux-ppc64@1.3.2": {
      "integrity": "sha512-3z0NHDxD6n5I9gc05U1eW1AyRm+Gznzq3naMrthPNqE6oYykcogW0l/jfpJdjYnuNl8R7yI9pNbE1XiUeyq0Aw==",
      "os": ["linux"],
      "cpu": ["ppc64"]
    },
    "@img/sharp-libvips-linux-riscv64@1.3.2": {
      "integrity": "sha512-bsb4rI+NldGOsXuej2r8OdSS8+zXDVaCWxyWrcv6kneTOlgAHtZABRzBBCwdsPiD90J4myNJuHpg6kA20ImW/w==",
      "os": ["linux"],
      "cpu": ["riscv64"]
    },
    "@img/sharp-libvips-linux-s390x@1.3.2": {
      "integrity": "sha512-/ABshyj8gCpyIrNXnHn4LorDJ0HHm1VhXPBlxZ8zAtfVPAaSafXPGn+sUSIRiwaSBy0mmFjSjiXI5mkcwdChKQ==",
      "os": ["linux"],
      "cpu": ["s390x"]
    },
    "@img/sharp-libvips-linux-x64@1.3.2": {
      "integrity": "sha512-ITPEtgffGJ0S6G9dRyw/366tJQqFRcHWPHhC+Stpg3Z8AEMrDrTr2lhdz4f/Y/HMbRh//7Z5mBzEpVdi62Oc3w==",
      "os": ["linux"],
      "cpu": ["x64"]
    },
    "@img/sharp-libvips-linuxmusl-arm64@1.3.2": {
      "integrity": "sha512-zE9EdiUzUmg5mDT5a1rk5fYJ6GWPloTwWBYDS14naqHsL+EaMpDj1AWnpLgh3u0YCORv2Tt50wrcrpYqkP97Kw==",
      "os": ["linux"],
      "cpu": ["arm64"]
    },
    "@img/sharp-libvips-linuxmusl-x64@1.3.2": {
      "integrity": "sha512-m0lrLiUt+lBYnCFr8qV/65yMR4E/c7/wf78I5eKTdkEakFAlZ9QlzEM3QIhhAwVeUhLAHLcCq7a7Vszq/oFNZQ==",
      "os": ["linux"],
      "cpu": ["x64"]
    },
    "@img/sharp-linux-arm64@0.35.3": {
      "integrity": "sha512-QgKDspHPnrU+GQ55XPhGwyhC8acLVOOSyAvo1oVfFmrIXLkDNmGWzAfDZ4xK8oSA1qBQrALcHX0G5UZni/SuFQ==",
      "optionalDependencies": [
        "@img/sharp-libvips-linux-arm64"
      ],
      "os": ["linux"],
      "cpu": ["arm64"]
    },
    "@img/sharp-linux-arm@0.35.3": {
      "integrity": "sha512-affVWCTLooy8TSxbDx2qkzuDeaWLNVBA+P//FNBirHsXpP2fuBhk5AuboYUnrDnzoXes8GFjpTx0SBFOCRg+FA==",
      "optionalDependencies": [
        "@img/sharp-libvips-linux-arm"
      ],
      "os": ["linux"],
      "cpu": ["arm"]
    },
    "@img/sharp-linux-ppc64@0.35.3": {
      "integrity": "sha512-sMd8rDxmpLOwv/7N44klFjOD5DUO7FLdjiXDI0hoxYaf7Ar262dQIEkosE98bps+5HPLtp/EvNqeqQtOycP/IA==",
      "optionalDependencies": [
        "@img/sharp-libvips-linux-ppc64"
      ],
      "os": ["linux"],
      "cpu": ["ppc64"]
    },
    "@img/sharp-linux-riscv64@0.35.3": {
      "integrity": "sha512-0Eob78yjlYPfL5vMNWAW55l3R9Y6BQS/gOfe0ZcP9mEz9ohhKSt4im1hayiknXgf8AWrFqMvJcKIdmLmEe7yeQ==",
      "optionalDependencies": [
        "@img/sharp-libvips-linux-riscv64"
      ],
      "os": ["linux"],
      "cpu": ["riscv64"]
    },
    "@img/sharp-linux-s390x@0.35.3": {
      "integrity": "sha512-KgAxQ0DxpNOq1rG2t5cgTgShJFGSuU7XO45cqC+1NVOuZnP6tlgZRuSYOfNupGkHID0o3cJOsw4DVeJpMovcGw==",
      "optionalDependencies": [
        "@img/sharp-libvips-linux-s390x"
      ],
      "os": ["linux"],
      "cpu": ["s390x"]
    },
    "@img/sharp-linux-x64@0.35.3": {
      "integrity": "sha512-8pqvxubL2PGdhlPy6GLqzDYMUjyRmKAwKHYKixpdJYBUK7PJ0C029XdsnpFIdgRZG68fZiGdHVWcKPvtiPB4cA==",
      "optionalDependencies": [
        "@img/sharp-libvips-linux-x64"
      ],
      "os": ["linux"],
      "cpu": ["x64"]
    },
    "@img/sharp-linuxmusl-arm64@0.35.3": {
      "integrity": "sha512-Vz0iQjzzcSX3HCbfwFfCSG/9SCIqyO0mH2sXyiHaAYfBk0cRsCWXRyQYX0ovCK/PAQBbTzQ0dsPQHh5MAFL59w==",
      "optionalDependencies": [
        "@img/sharp-libvips-linuxmusl-arm64"
      ],
      "os": ["linux"],
      "cpu": ["arm64"]
    },
    "@img/sharp-linuxmusl-x64@0.35.3": {
      "integrity": "sha512-6O1NPKcDVj9QEdg7Hx549EX8U0rp6yXQERqru6yRN7fGBn32UvIRJUlWnk+8xDCiG76hXVBbX82NZ/ZKr0euIg==",
      "optionalDependencies": [
        "@img/sharp-libvips-linuxmusl-x64"
      ],
      "os": ["linux"],
      "cpu": ["x64"]
    },
    "@img/sharp-wasm32@0.35.3": {
      "integrity": "sha512-cZ0XkcYGpHZkqW6iCkqTcmUC0CD9DhD5d/qeZlZkfRBn6GnHniZXLUo5+9xw8Iv76YE6LQFN9YNBlKREcCG76w==",
      "dependencies": [
        "@emnapi/runtime"
      ]
    },
    "@img/sharp-webcontainers-wasm32@0.35.3": {
      "integrity": "sha512-2rnq7bX3NzeR2T4YWgz8qiG4h3TSdMe+vN1iQXpJleSJ3SM5zQ8Fy2SyyXAWlbxpEZ2Y+Z4u1BePgJEYbSy80Q==",
      "dependencies": [
        "@img/sharp-wasm32"
      ],
      "cpu": ["wasm32"]
    },
    "@img/sharp-win32-arm64@0.35.3": {
      "integrity": "sha512-4bPwFdMbeC4JQ8L8LOyWp6nsHcboP5fxkp6iPOXz2Vg49R42TuMs2whkJ5OAP4/Ul035qOzy0AecOF9VOscn4w==",
      "os": ["win32"],
      "cpu": ["arm64"]
    },
    "@img/sharp-win32-ia32@0.35.3": {
      "integrity": "sha512-r53mXsBN6lFUDiST764SvgwUdHAqM4rPAiDzAmf4fLoB6X/rkfyTrLCg6+g17wJJiCmB3JYgHuUldCWUIRFSXw==",
      "os": ["win32"],
      "cpu": ["ia32"]
    },
    "@img/sharp-win32-x64@0.35.3": {
      "integrity": "sha512-D4y1vNeZrIIJCN+uHaWVtH86B+aCrdMYYjicy9pXHvbGZeGYLLSd3wdVuC37FxVXlU1ARsk84eKWfWMXGYEqvA==",
      "os": ["win32"],
      "cpu": ["x64"]
    },
    "detect-libc@2.1.2": {
      "integrity": "sha512-Btj2BOOO83o3WyH59e8MgXsxEQVcarkUOpEYrubB0urwnN10yQ364rsiByU11nZlqWYZm05i/of7io4mzihBtQ=="
    },
    "marked@18.0.7": {
      "integrity": "sha512-iDVQ5ldaiKXn6b2JroX5kgRfmwgqolW7NpaEzTl1k/2Zh1njIEN9yniyLV/mOvWwtsE8OGgkjsCYvijuPk1dtA==",
      "bin": true
    },
    "semver@7.8.5": {
      "integrity": "sha512-Y7/KDsb8LjooZpwaqGyulO6DQlksgCncchHGk+sZIY4SBvUocMBEFH5Ur1fI4dV+Jvl0w6cjvucaIi40puRioA==",
      "bin": true
    },
    "sharp@0.35.3": {
      "integrity": "sha512-ej0zVHuZGHCiABXcNxeYhpRnPNPAcvbG8RMdBAhDAxLKkCRVSpK3Iyu7qbqw3JMzoj0REeM6f3tJLtVwl0023Q==",
      "dependencies": [
        "@img/colour",
        "detect-libc",
        "semver"
      ],
      "optionalDependencies": [
        "@img/sharp-darwin-arm64",
        "@img/sharp-darwin-x64",
        "@img/sharp-freebsd-wasm32",
        "@img/sharp-libvips-darwin-arm64",
        "@img/sharp-libvips-darwin-x64",
        "@img/sharp-libvips-linux-arm",
        "@img/sharp-libvips-linux-arm64",
        "@img/sharp-libvips-linux-ppc64",
        "@img/sharp-libvips-linux-riscv64",
        "@img/sharp-libvips-linux-s390x",
        "@img/sharp-libvips-linux-x64",
        "@img/sharp-libvips-linuxmusl-arm64",
        "@img/sharp-libvips-linuxmusl-x64",
        "@img/sharp-linux-arm",
        "@img/sharp-linux-arm64",
        "@img/sharp-linux-ppc64",
        "@img/sharp-linux-riscv64",
        "@img/sharp-linux-s390x",
        "@img/sharp-linux-x64",
        "@img/sharp-linuxmusl-arm64",
        "@img/sharp-linuxmusl-x64",
        "@img/sharp-webcontainers-wasm32",
        "@img/sharp-win32-arm64",
        "@img/sharp-win32-ia32",
        "@img/sharp-win32-x64"
      ]
    },
    "tslib@2.8.1": {
      "integrity": "sha512-oJFu94HQb+KVduSUQL7wnpmqnfmLsOA/nAh6b6EH0wCEoK0/mPeXU6c3wKDV83MkOuHPRHtSXKKU99IBazS/2w=="
    }
  },
  "workspace": {
    "dependencies": [
      "jsr:@std/assert@^1.0.19",
      "jsr:@std/fs@^1.0.24",
      "jsr:@std/path@^1.1.6",
      "jsr:@steno/steno@~0.11.2",
      "npm:sharp@~0.35.3"
    ]
  }
}
